
Microsoft Visual Studio Solution File, Format Version 12.00
# Visual Studio Version 17
VisualStudioVersion = 17.3.32929.385
MinimumVisualStudioVersion = 10.0.40219.1
Project("{9A19103F-16F7-4668-BE54-9A1E7A4F7556}") = "NextAuth", "NextAuth\NextAuth.csproj", "{11794425-7FF8-4379-A19D-7D1209AFA940}"
EndProject
Project("{FAE04EC0-301F-11D3-BF4B-00C04F79EFBC}") = "User.Managment.Service", "User.Managment.Service\User.Managment.Service.csproj", "{BC2B75B1-BCA0-4B8D-9DCA-547DC4E9AB50}"
EndProject
Global
	GlobalSection(SolutionConfigurationPlatforms) = preSolution
		Debug|Any CPU = Debug|Any CPU
		Release|Any CPU = Release|Any CPU
	EndGlobalSection
	GlobalSection(ProjectConfigurationPlatforms) = postSolution
		{11794425-7FF8-4379-A19D-7D1209AFA940}.Debug|Any CPU.ActiveCfg = Debug|Any CPU
		{11794425-7FF8-4379-A19D-7D1209AFA940}.Debug|Any CPU.Build.0 = Debug|Any CPU
		{11794425-7FF8-4379-A19D-7D1209AFA940}.Release|Any CPU.ActiveCfg = Release|Any CPU
		{11794425-7FF8-4379-A19D-7D1209AFA940}.Release|Any CPU.Build.0 = Release|Any CPU
		{BC2B75B1-BCA0-4B8D-9DCA-547DC4E9AB50}.Debug|Any CPU.ActiveCfg = Debug|Any CPU
		{BC2B75B1-BCA0-4B8D-9DCA-547DC4E9AB50}.Debug|Any CPU.Build.0 = Debug|Any CPU
		{BC2B75B1-BCA0-4B8D-9DCA-547DC4E9AB50}.Release|Any CPU.ActiveCfg = Release|Any CPU
		{BC2B75B1-BCA0-4B8D-9DCA-547DC4E9AB50}.Release|Any CPU.Build.0 = Release|Any CPU
	EndGlobalSection
	GlobalSection(SolutionProperties) = preSolution
		HideSolutionNode = FALSE
	EndGlobalSection
	GlobalSection(ExtensibilityGlobals) = postSolution
		SolutionGuid = {47058C4D-BAB7-4C6A-8E94-E7286F8A22A6}
	EndGlobalSection
EndGlobal
